
Microsoft Visual Studio Solution File, Format Version 12.00
# Visual Studio 15
VisualStudioVersion = 15.0.27428.2015
MinimumVisualStudioVersion = 10.0.40219.1
Project("{FAE04EC0-301F-11D3-BF4B-00C04F79EFBC}") = "Listas Circulares", "Listas Circulares\Listas Circulares.csproj", "{DF79A618-4F39-47E0-BFD3-C4825418C746}"
EndProject
Global
	GlobalSection(SolutionConfigurationPlatforms) = preSolution
		Debug|Any CPU = Debug|Any CPU
		Release|Any CPU = Release|Any CPU
	EndGlobalSection
	GlobalSection(ProjectConfigurationPlatforms) = postSolution
		{DF79A618-4F39-47E0-BFD3-C4825418C746}.Debug|Any CPU.ActiveCfg = Debug|Any CPU
		{DF79A618-4F39-47E0-BFD3-C4825418C746}.Debug|Any CPU.Build.0 = Debug|Any CPU
		{DF79A618-4F39-47E0-BFD3-C4825418C746}.Release|Any CPU.ActiveCfg = Release|Any CPU
		{DF79A618-4F39-47E0-BFD3-C4825418C746}.Release|Any CPU.Build.0 = Release|Any CPU
	EndGlobalSection
	GlobalSection(SolutionProperties) = preSolution
		HideSolutionNode = FALSE
	EndGlobalSection
	GlobalSection(ExtensibilityGlobals) = postSolution
		SolutionGuid = {110E751D-526E-4590-89AE-4169489C745C}
	EndGlobalSection
EndGlobal
